
Microsoft Visual Studio Solution File, Format Version 12.00
# Visual Studio Version 16
VisualStudioVersion = 16.0.31205.134
MinimumVisualStudioVersion = 10.0.40219.1
Project("{9A19103F-16F7-4668-BE54-9A1E7A4F7556}") = "BookListRazor", "BookListRazor\BookListRazor.csproj", "{BEE67135-B74C-45F7-AD36-78992168D79F}"
EndProject
Global
	GlobalSection(SolutionConfigurationPlatforms) = preSolution
		Debug|Any CPU = Debug|Any CPU
		Release|Any CPU = Release|Any CPU
	EndGlobalSection
	GlobalSection(ProjectConfigurationPlatforms) = postSolution
		{BEE67135-B74C-45F7-AD36-78992168D79F}.Debug|Any CPU.ActiveCfg = Debug|Any CPU
		{BEE67135-B74C-45F7-AD36-78992168D79F}.Debug|Any CPU.Build.0 = Debug|Any CPU
		{BEE67135-B74C-45F7-AD36-78992168D79F}.Release|Any CPU.ActiveCfg = Release|Any CPU
		{BEE67135-B74C-45F7-AD36-78992168D79F}.Release|Any CPU.Build.0 = Release|Any CPU
	EndGlobalSection
	GlobalSection(SolutionProperties) = preSolution
		HideSolutionNode = FALSE
	EndGlobalSection
	GlobalSection(ExtensibilityGlobals) = postSolution
		SolutionGuid = {A50AB7C0-FBA6-40CE-90C8-9D46D5ABC62B}
	EndGlobalSection
EndGlobal
